// !$*UTF8*$!
{
	archiveVersion = 1;
	classes = {
	};
	objectVersion = 46;
	objects = {

/* Begin PBXBuildFile section */
		280BFD3121B67BB200C76CB6 /* shake.xcassets in Resources */ = {isa = PBXBuildFile; fileRef = 280BFD3021B67BB200C76CB6 /* shake.xcassets */; };
		280BFD3721B69BC500C76CB6 /* SettingViewController.m in Sources */ = {isa = PBXBuildFile; fileRef = 280BFD3621B69BC500C76CB6 /* SettingViewController.m */; };
		2824013821C394ED0089B795 /* .gitIgnore in Resources */ = {isa = PBXBuildFile; fileRef = 282400FA21C394ED0089B795 /* .gitIgnore */; };
		2824013921C394ED0089B795 /* bds_license.dat in Resources */ = {isa = PBXBuildFile; fileRef = 2824011121C394ED0089B795 /* bds_license.dat */; };
		2824013A21C394ED0089B795 /* bds_easr_basic_model.dat in Resources */ = {isa = PBXBuildFile; fileRef = 2824011221C394ED0089B795 /* bds_easr_basic_model.dat */; };
		2824013B21C394ED0089B795 /* bds_easr_mfe_cmvn.dat in Resources */ = {isa = PBXBuildFile; fileRef = 2824011321C394ED0089B795 /* bds_easr_mfe_cmvn.dat */; };
		2824013C21C394ED0089B795 /* temp_license_2018-02-24.dat in Resources */ = {isa = PBXBuildFile; fileRef = 2824011421C394ED0089B795 /* temp_license_2018-02-24.dat */; };
		2824013D21C394ED0089B795 /* bds_easr_input_model.dat in Resources */ = {isa = PBXBuildFile; fileRef = 2824011521C394ED0089B795 /* bds_easr_input_model.dat */; };
		2824013E21C394ED0089B795 /* bds_easr_mfe_dnn.dat in Resources */ = {isa = PBXBuildFile; fileRef = 2824011621C394ED0089B795 /* bds_easr_mfe_dnn.dat */; };
		2824013F21C394ED0089B795 /* bds_easr_gramm.dat in Resources */ = {isa = PBXBuildFile; fileRef = 2824011721C394ED0089B795 /* bds_easr_gramm.dat */; };
		2824014021C394ED0089B795 /* bds_easr_wakeup_words.dat in Resources */ = {isa = PBXBuildFile; fileRef = 2824011821C394ED0089B795 /* bds_easr_wakeup_words.dat */; };
		2824014121C394ED0089B795 /* bds_easr_dnn_wakeup_model.dat in Resources */ = {isa = PBXBuildFile; fileRef = 2824011921C394ED0089B795 /* bds_easr_dnn_wakeup_model.dat */; };
		2824015121C394ED0089B795 /* English_Speech_Female.dat in Resources */ = {isa = PBXBuildFile; fileRef = 2824012D21C394ED0089B795 /* English_Speech_Female.dat */; };
		2824015221C394ED0089B795 /* offline_engine_tmp_license.dat in Resources */ = {isa = PBXBuildFile; fileRef = 2824012E21C394ED0089B795 /* offline_engine_tmp_license.dat */; };
		2824015321C394ED0089B795 /* English_Text.dat in Resources */ = {isa = PBXBuildFile; fileRef = 2824012F21C394ED0089B795 /* English_Text.dat */; };
		2824015421C394ED0089B795 /* .gitignore in Resources */ = {isa = PBXBuildFile; fileRef = 2824013021C394ED0089B795 /* .gitignore */; };
		2824015521C394ED0089B795 /* English_Speech_Male.dat in Resources */ = {isa = PBXBuildFile; fileRef = 2824013121C394ED0089B795 /* English_Speech_Male.dat */; };
		2824015621C394ED0089B795 /* Chinese_Speech_Male.dat in Resources */ = {isa = PBXBuildFile; fileRef = 2824013221C394ED0089B795 /* Chinese_Speech_Male.dat */; };
		2824015721C394ED0089B795 /* Chinese_Text.dat in Resources */ = {isa = PBXBuildFile; fileRef = 2824013321C394ED0089B795 /* Chinese_Text.dat */; };
		2824015821C394ED0089B795 /* Chinese_Speech_Female.dat in Resources */ = {isa = PBXBuildFile; fileRef = 2824013421C394ED0089B795 /* Chinese_Speech_Female.dat */; };
		2824015921C394ED0089B795 /* libBaiduSpeechSDK.a in Frameworks */ = {isa = PBXBuildFile; fileRef = 2824013621C394ED0089B795 /* libBaiduSpeechSDK.a */; };
		2824015C21C395000089B795 /* BDSClientResources in Resources */ = {isa = PBXBuildFile; fileRef = 2824015B21C395000089B795 /* BDSClientResources */; };
		2864A2EF21C2363600D3B088 /* ColorPickerView.m in Sources */ = {isa = PBXBuildFile; fileRef = 2864A2DA21C2363500D3B088 /* ColorPickerView.m */; };
		2864A2F021C2363600D3B088 /* BYHeaderView.m in Sources */ = {isa = PBXBuildFile; fileRef = 2864A2DD21C2363500D3B088 /* BYHeaderView.m */; };
		2864A2F121C2363600D3B088 /* BYTableViewModel.m in Sources */ = {isa = PBXBuildFile; fileRef = 2864A2DE21C2363500D3B088 /* BYTableViewModel.m */; };
		2864A2F621C2363600D3B088 /* AdvertiseView.m in Sources */ = {isa = PBXBuildFile; fileRef = 2864A2EB21C2363600D3B088 /* AdvertiseView.m */; };
		2864A2F721C2363600D3B088 /* ShakeSelectView.m in Sources */ = {isa = PBXBuildFile; fileRef = 2864A2EC21C2363600D3B088 /* ShakeSelectView.m */; };
		28AA916821B11E9F008A0156 /* MTBeaconManager.m in Sources */ = {isa = PBXBuildFile; fileRef = 28AA916321B11E9F008A0156 /* MTBeaconManager.m */; };
		28AA916921B11E9F008A0156 /* MTCommonTool.m in Sources */ = {isa = PBXBuildFile; fileRef = 28AA916421B11E9F008A0156 /* MTCommonTool.m */; };
		28AA916A21B11E9F008A0156 /* MTPeripheralManager.m in Sources */ = {isa = PBXBuildFile; fileRef = 28AA916521B11E9F008A0156 /* MTPeripheralManager.m */; };
		28D3875B21C253B200BC3003 /* CoreTelephony.framework in Frameworks */ = {isa = PBXBuildFile; fileRef = 28FD07C621B7A3B40020D7A9 /* CoreTelephony.framework */; };
		28D3875C21C253B900BC3003 /* CoreLocation.framework in Frameworks */ = {isa = PBXBuildFile; fileRef = 28FD07C421B7A3A80020D7A9 /* CoreLocation.framework */; };
		28D3875D21C253BF00BC3003 /* CFNetwork.framework in Frameworks */ = {isa = PBXBuildFile; fileRef = 28FD07C221B7A39E0020D7A9 /* CFNetwork.framework */; };
		28D3875E21C253C600BC3003 /* AVFoundation.framework in Frameworks */ = {isa = PBXBuildFile; fileRef = 28FD07C021B7A3970020D7A9 /* AVFoundation.framework */; };
		28D3875F21C253CF00BC3003 /* AudioToolbox.framework in Frameworks */ = {isa = PBXBuildFile; fileRef = 28FD07BE21B7A38F0020D7A9 /* AudioToolbox.framework */; };
		28D3876021C253D700BC3003 /* SystemConfiguration.framework in Frameworks */ = {isa = PBXBuildFile; fileRef = 28FD07C821B7A3C90020D7A9 /* SystemConfiguration.framework */; };
		28D3876121C253E000BC3003 /* GLKit.framework in Frameworks */ = {isa = PBXBuildFile; fileRef = 28FD07CA21B7A3D10020D7A9 /* GLKit.framework */; };
		28D3876221C253E700BC3003 /* libz.1.2.5.tbd in Frameworks */ = {isa = PBXBuildFile; fileRef = 28FD07BC21B7A3820020D7A9 /* libz.1.2.5.tbd */; };
		28D3876321C2540200BC3003 /* libc++.tbd in Frameworks */ = {isa = PBXBuildFile; fileRef = 28FD07BA21B7A3740020D7A9 /* libc++.tbd */; };
		28D3876521C2540B00BC3003 /* libiconv.2.4.0.tbd in Frameworks */ = {isa = PBXBuildFile; fileRef = 28D3876421C2540B00BC3003 /* libiconv.2.4.0.tbd */; };
		28D3876721C2541600BC3003 /* libsqlite3.0.tbd in Frameworks */ = {isa = PBXBuildFile; fileRef = 28D3876621C2541600BC3003 /* libsqlite3.0.tbd */; };
		28FE6DEF21C8DFE1008ED44F /* WakeUpManager.m in Sources */ = {isa = PBXBuildFile; fileRef = 28FE6DEC21C8DFE1008ED44F /* WakeUpManager.m */; };
		28FE6DF021C8DFE1008ED44F /* RecognizeManager.m in Sources */ = {isa = PBXBuildFile; fileRef = 28FE6DEE21C8DFE1008ED44F /* RecognizeManager.m */; };
		9CC424E713553F17D2376CFE /* libPods-BeaconYun.a in Frameworks */ = {isa = PBXBuildFile; fileRef = 00AD531C7A5248BA149154C2 /* libPods-BeaconYun.a */; };
		E53E94CB1E6526FB0047D49A /* BYSetDeviceViewController.m in Sources */ = {isa = PBXBuildFile; fileRef = E53E94CA1E6526FB0047D49A /* BYSetDeviceViewController.m */; };
		E54070101E97320100D9ECB4 /* WXImgLoaderDefaultImpl.m in Sources */ = {isa = PBXBuildFile; fileRef = E540700F1E97320100D9ECB4 /* WXImgLoaderDefaultImpl.m */; };
		E545202A1E67FFB700C0D46E /* MinewCommonTool.m in Sources */ = {isa = PBXBuildFile; fileRef = E54520231E67FFB700C0D46E /* MinewCommonTool.m */; };
		E545202C1E67FFB700C0D46E /* MinewModule.m in Sources */ = {isa = PBXBuildFile; fileRef = E54520271E67FFB700C0D46E /* MinewModule.m */; };
		E545202D1E67FFB700C0D46E /* MinewModuleManager.m in Sources */ = {isa = PBXBuildFile; fileRef = E54520291E67FFB700C0D46E /* MinewModuleManager.m */; };
		E54520301E68000000C0D46E /* MinewModuleAPI.m in Sources */ = {isa = PBXBuildFile; fileRef = E545202F1E68000000C0D46E /* MinewModuleAPI.m */; };
		E54520331E68469500C0D46E /* BYDeviceDetailViewController.m in Sources */ = {isa = PBXBuildFile; fileRef = E54520321E68469500C0D46E /* BYDeviceDetailViewController.m */; };
		E56992B51E5EB60B00C76E42 /* BeaconYunTests.m in Sources */ = {isa = PBXBuildFile; fileRef = E56992B41E5EB60B00C76E42 /* BeaconYunTests.m */; };
		E56992C01E5EB60B00C76E42 /* BeaconYunUITests.m in Sources */ = {isa = PBXBuildFile; fileRef = E56992BF1E5EB60B00C76E42 /* BeaconYunUITests.m */; };
		E56992DC1E5EB91500C76E42 /* AppDelegate.m in Sources */ = {isa = PBXBuildFile; fileRef = E56992D41E5EB91500C76E42 /* AppDelegate.m */; };
		E56992DD1E5EB91500C76E42 /* Assets.xcassets in Resources */ = {isa = PBXBuildFile; fileRef = E56992D51E5EB91500C76E42 /* Assets.xcassets */; };
		E56992DE1E5EB91500C76E42 /* LaunchScreen.storyboard in Resources */ = {isa = PBXBuildFile; fileRef = E56992D61E5EB91500C76E42 /* LaunchScreen.storyboard */; };
		E56992E01E5EB91500C76E42 /* main.m in Sources */ = {isa = PBXBuildFile; fileRef = E56992D91E5EB91500C76E42 /* main.m */; };
		E56992EF1E5EB97100C76E42 /* BYCommonTools.m in Sources */ = {isa = PBXBuildFile; fileRef = E56992E51E5EB97100C76E42 /* BYCommonTools.m */; };
		E56992F01E5EB97100C76E42 /* BYCustomConfig.plist in Resources */ = {isa = PBXBuildFile; fileRef = E56992E71E5EB97100C76E42 /* BYCustomConfig.plist */; };
		E56992F11E5EB97100C76E42 /* BYCustomManager.m in Sources */ = {isa = PBXBuildFile; fileRef = E56992E91E5EB97100C76E42 /* BYCustomManager.m */; };
		E56992F21E5EB97100C76E42 /* BYBindDeviceViewController.m in Sources */ = {isa = PBXBuildFile; fileRef = E56992EC1E5EB97100C76E42 /* BYBindDeviceViewController.m */; };
		E56992F31E5EB97100C76E42 /* BYNavigationController.m in Sources */ = {isa = PBXBuildFile; fileRef = E56992EE1E5EB97100C76E42 /* BYNavigationController.m */; };
		E56992FB1E5EBE6B00C76E42 /* BYTableViewModel.m in Sources */ = {isa = PBXBuildFile; fileRef = E56992FA1E5EBE6B00C76E42 /* BYTableViewModel.m */; };
		E56993011E5ECA9400C76E42 /* BYCellModel.m in Sources */ = {isa = PBXBuildFile; fileRef = E56993001E5ECA9400C76E42 /* BYCellModel.m */; };
		E56993041E5ED41100C76E42 /* BYSectionModel.m in Sources */ = {isa = PBXBuildFile; fileRef = E56993031E5ED41100C76E42 /* BYSectionModel.m */; };
		E5A7E1E31E600FB000D72212 /* BYScanDeviceViewController.m in Sources */ = {isa = PBXBuildFile; fileRef = E5A7E1E21E600FB000D72212 /* BYScanDeviceViewController.m */; };
		E5A7E1E91E60251900D72212 /* Localizable.strings in Resources */ = {isa = PBXBuildFile; fileRef = E5A7E1E61E60251900D72212 /* Localizable.strings */; };
		E5A7E1EF1E602A6300D72212 /* BYHeaderView.m in Sources */ = {isa = PBXBuildFile; fileRef = E5A7E1EE1E602A6300D72212 /* BYHeaderView.m */; };
		E5BF8E721EB040A300AF94DC /* ColorPickerView.m in Sources */ = {isa = PBXBuildFile; fileRef = E5BF8E711EB040A300AF94DC /* ColorPickerView.m */; };
		E5E4BDAF1E710B780086472B /* NSTimer+Blocks.m in Sources */ = {isa = PBXBuildFile; fileRef = E5E4BDAE1E710B780086472B /* NSTimer+Blocks.m */; };
		E5E4BDB51E71427D0086472B /* BYInfoViewController.m in Sources */ = {isa = PBXBuildFile; fileRef = E5E4BDB41E71427D0086472B /* BYInfoViewController.m */; };
/* End PBXBuildFile section */

/* Begin PBXContainerItemProxy section */
		E56992B11E5EB60B00C76E42 /* PBXContainerItemProxy */ = {
			isa = PBXContainerItemProxy;
			containerPortal = E569928F1E5EB60B00C76E42 /* Project object */;
			proxyType = 1;
			remoteGlobalIDString = E56992961E5EB60B00C76E42;
			remoteInfo = BeaconYun;
		};
		E56992BC1E5EB60B00C76E42 /* PBXContainerItemProxy */ = {
			isa = PBXContainerItemProxy;
			containerPortal = E569928F1E5EB60B00C76E42 /* Project object */;
			proxyType = 1;
			remoteGlobalIDString = E56992961E5EB60B00C76E42;
			remoteInfo = BeaconYun;
		};
/* End PBXContainerItemProxy section */

/* Begin PBXFileReference section */
		00AD531C7A5248BA149154C2 /* libPods-BeaconYun.a */ = {isa = PBXFileReference; explicitFileType = archive.ar; includeInIndex = 0; path = "libPods-BeaconYun.a"; sourceTree = BUILT_PRODUCTS_DIR; };
		280BFD2F21B6795000C76CB6 /* PrefixHeader.pch */ = {isa = PBXFileReference; lastKnownFileType = sourcecode.c.h; path = PrefixHeader.pch; sourceTree = "<group>"; };
		280BFD3021B67BB200C76CB6 /* shake.xcassets */ = {isa = PBXFileReference; lastKnownFileType = folder.assetcatalog; path = shake.xcassets; sourceTree = "<group>"; };
		280BFD3521B69BC500C76CB6 /* SettingViewController.h */ = {isa = PBXFileReference; lastKnownFileType = sourcecode.c.h; path = SettingViewController.h; sourceTree = "<group>"; };
		280BFD3621B69BC500C76CB6 /* SettingViewController.m */ = {isa = PBXFileReference; lastKnownFileType = sourcecode.c.objc; path = SettingViewController.m; sourceTree = "<group>"; };
		282400F721C394ED0089B795 /* BDSWakeupParameters.h */ = {isa = PBXFileReference; fileEncoding = 4; lastKnownFileType = sourcecode.c.h; path = BDSWakeupParameters.h; sourceTree = "<group>"; };
		282400F821C394ED0089B795 /* BDSASRParameters.h */ = {isa = PBXFileReference; fileEncoding = 4; lastKnownFileType = sourcecode.c.h; path = BDSASRParameters.h; sourceTree = "<group>"; };
		282400F921C394ED0089B795 /* BDSEventManager.h */ = {isa = PBXFileReference; fileEncoding = 4; lastKnownFileType = sourcecode.c.h; path = BDSEventManager.h; sourceTree = "<group>"; };
		282400FA21C394ED0089B795 /* .gitIgnore */ = {isa = PBXFileReference; fileEncoding = 4; lastKnownFileType = text; path = .gitIgnore; sourceTree = "<group>"; };
		282400FB21C394ED0089B795 /* BDSUploaderDefines.h */ = {isa = PBXFileReference; fileEncoding = 4; lastKnownFileType = sourcecode.c.h; path = BDSUploaderDefines.h; sourceTree = "<group>"; };
		282400FC21C394ED0089B795 /* BDSASRDefines.h */ = {isa = PBXFileReference; fileEncoding = 4; lastKnownFileType = sourcecode.c.h; path = BDSASRDefines.h; sourceTree = "<group>"; };
		282400FD21C394ED0089B795 /* BDSUploaderParameters.h */ = {isa = PBXFileReference; fileEncoding = 4; lastKnownFileType = sourcecode.c.h; path = BDSUploaderParameters.h; sourceTree = "<group>"; };
		282400FE21C394ED0089B795 /* BDSWakeupDefines.h */ = {isa = PBXFileReference; fileEncoding = 4; lastKnownFileType = sourcecode.c.h; path = BDSWakeupDefines.h; sourceTree = "<group>"; };
		2824010021C394ED0089B795 /* BDRecognizerViewParamsObject.h */ = {isa = PBXFileReference; fileEncoding = 4; lastKnownFileType = sourcecode.c.h; path = BDRecognizerViewParamsObject.h; sourceTree = "<group>"; };
		2824010121C394ED0089B795 /* BDRecognizerViewController.h */ = {isa = PBXFileReference; fileEncoding = 4; lastKnownFileType = sourcecode.c.h; path = BDRecognizerViewController.h; sourceTree = "<group>"; };
		2824010221C394ED0089B795 /* BDTheme.h */ = {isa = PBXFileReference; fileEncoding = 4; lastKnownFileType = sourcecode.c.h; path = BDTheme.h; sourceTree = "<group>"; };
		2824010321C394ED0089B795 /* BDRecognizerViewDelegate.h */ = {isa = PBXFileReference; fileEncoding = 4; lastKnownFileType = sourcecode.c.h; path = BDRecognizerViewDelegate.h; sourceTree = "<group>"; };
		2824010521C394ED0089B795 /* BDSSpeechSynthesizerDelegate.h */ = {isa = PBXFileReference; fileEncoding = 4; lastKnownFileType = sourcecode.c.h; path = BDSSpeechSynthesizerDelegate.h; sourceTree = "<group>"; };
		2824010621C394ED0089B795 /* BDS_EttsModelManagerInterface.h */ = {isa = PBXFileReference; fileEncoding = 4; lastKnownFileType = sourcecode.c.h; path = BDS_EttsModelManagerInterface.h; sourceTree = "<group>"; };
		2824010721C394ED0089B795 /* BDSBuiltInPlayer.h */ = {isa = PBXFileReference; fileEncoding = 4; lastKnownFileType = sourcecode.c.h; path = BDSBuiltInPlayer.h; sourceTree = "<group>"; };
		2824010821C394ED0089B795 /* BDSMixedModeSynthesizer.h */ = {isa = PBXFileReference; fileEncoding = 4; lastKnownFileType = sourcecode.c.h; path = BDSMixedModeSynthesizer.h; sourceTree = "<group>"; };
		2824010921C394ED0089B795 /* BDSSpeechSynthesizer.h */ = {isa = PBXFileReference; fileEncoding = 4; lastKnownFileType = sourcecode.c.h; path = BDSSpeechSynthesizer.h; sourceTree = "<group>"; };
		2824010A21C394ED0089B795 /* BDSSpeechSynthesizerParams.h */ = {isa = PBXFileReference; fileEncoding = 4; lastKnownFileType = sourcecode.c.h; path = BDSSpeechSynthesizerParams.h; sourceTree = "<group>"; };
		2824010B21C394ED0089B795 /* BDSSynthesizerLogLevel.h */ = {isa = PBXFileReference; fileEncoding = 4; lastKnownFileType = sourcecode.c.h; path = BDSSynthesizerLogLevel.h; sourceTree = "<group>"; };
		2824010C21C394ED0089B795 /* BDSTTSEventManager.h */ = {isa = PBXFileReference; fileEncoding = 4; lastKnownFileType = sourcecode.c.h; path = BDSTTSEventManager.h; sourceTree = "<group>"; };
		2824010D21C394ED0089B795 /* BDSSpeechSynthesizerErrors.h */ = {isa = PBXFileReference; fileEncoding = 4; lastKnownFileType = sourcecode.c.h; path = BDSSpeechSynthesizerErrors.h; sourceTree = "<group>"; };
		2824011121C394ED0089B795 /* bds_license.dat */ = {isa = PBXFileReference; fileEncoding = 4; lastKnownFileType = text; path = bds_license.dat; sourceTree = "<group>"; };
		2824011221C394ED0089B795 /* bds_easr_basic_model.dat */ = {isa = PBXFileReference; lastKnownFileType = file; path = bds_easr_basic_model.dat; sourceTree = "<group>"; };
		2824011321C394ED0089B795 /* bds_easr_mfe_cmvn.dat */ = {isa = PBXFileReference; fileEncoding = 4; lastKnownFileType = text; path = bds_easr_mfe_cmvn.dat; sourceTree = "<group>"; };
		2824011421C394ED0089B795 /* temp_license_2018-02-24.dat */ = {isa = PBXFileReference; fileEncoding = 4; lastKnownFileType = text; path = "temp_license_2018-02-24.dat"; sourceTree = "<group>"; };
		2824011521C394ED0089B795 /* bds_easr_input_model.dat */ = {isa = PBXFileReference; lastKnownFileType = file; path = bds_easr_input_model.dat; sourceTree = "<group>"; };
		2824011621C394ED0089B795 /* bds_easr_mfe_dnn.dat */ = {isa = PBXFileReference; lastKnownFileType = file; path = bds_easr_mfe_dnn.dat; sourceTree = "<group>"; };
		2824011721C394ED0089B795 /* bds_easr_gramm.dat */ = {isa = PBXFileReference; fileEncoding = 4; lastKnownFileType = text; path = bds_easr_gramm.dat; sourceTree = "<group>"; };
		2824011821C394ED0089B795 /* bds_easr_wakeup_words.dat */ = {isa = PBXFileReference; lastKnownFileType = file; path = bds_easr_wakeup_words.dat; sourceTree = "<group>"; };
		2824011921C394ED0089B795 /* bds_easr_dnn_wakeup_model.dat */ = {isa = PBXFileReference; lastKnownFileType = file; path = bds_easr_dnn_wakeup_model.dat; sourceTree = "<group>"; };
		2824012D21C394ED0089B795 /* English_Speech_Female.dat */ = {isa = PBXFileReference; lastKnownFileType = file; path = English_Speech_Female.dat; sourceTree = "<group>"; };
		2824012E21C394ED0089B795 /* offline_engine_tmp_license.dat */ = {isa = PBXFileReference; fileEncoding = 4; lastKnownFileType = text; path = offline_engine_tmp_license.dat; sourceTree = "<group>"; };
		2824012F21C394ED0089B795 /* English_Text.dat */ = {isa = PBXFileReference; lastKnownFileType = file; path = English_Text.dat; sourceTree = "<group>"; };
		2824013021C394ED0089B795 /* .gitignore */ = {isa = PBXFileReference; fileEncoding = 4; lastKnownFileType = text; path = .gitignore; sourceTree = "<group>"; };
		2824013121C394ED0089B795 /* English_Speech_Male.dat */ = {isa = PBXFileReference; lastKnownFileType = file; path = English_Speech_Male.dat; sourceTree = "<group>"; };
		2824013221C394ED0089B795 /* Chinese_Speech_Male.dat */ = {isa = PBXFileReference; lastKnownFileType = file; path = Chinese_Speech_Male.dat; sourceTree = "<group>"; };
		2824013321C394ED0089B795 /* Chinese_Text.dat */ = {isa = PBXFileReference; lastKnownFileType = file; path = Chinese_Text.dat; sourceTree = "<group>"; };
		2824013421C394ED0089B795 /* Chinese_Speech_Female.dat */ = {isa = PBXFileReference; lastKnownFileType = file; path = Chinese_Speech_Female.dat; sourceTree = "<group>"; };
		2824013621C394ED0089B795 /* libBaiduSpeechSDK.a */ = {isa = PBXFileReference; lastKnownFileType = archive.ar; path = libBaiduSpeechSDK.a; sourceTree = "<group>"; };
		2824013721C394ED0089B795 /* .gitignore */ = {isa = PBXFileReference; fileEncoding = 4; lastKnownFileType = text; path = .gitignore; sourceTree = "<group>"; };
		2824015B21C395000089B795 /* BDSClientResources */ = {isa = PBXFileReference; lastKnownFileType = folder; path = BDSClientResources; sourceTree = "<group>"; };
		2864A2D921C2363500D3B088 /* BYHeaderView.h */ = {isa = PBXFileReference; fileEncoding = 4; lastKnownFileType = sourcecode.c.h; path = BYHeaderView.h; sourceTree = "<group>"; };
		2864A2DA21C2363500D3B088 /* ColorPickerView.m */ = {isa = PBXFileReference; fileEncoding = 4; lastKnownFileType = sourcecode.c.objc; path = ColorPickerView.m; sourceTree = "<group>"; };
		2864A2DB21C2363500D3B088 /* BYTableViewModel.h */ = {isa = PBXFileReference; fileEncoding = 4; lastKnownFileType = sourcecode.c.h; path = BYTableViewModel.h; sourceTree = "<group>"; };
		2864A2DC21C2363500D3B088 /* ColorPickerView.h */ = {isa = PBXFileReference; fileEncoding = 4; lastKnownFileType = sourcecode.c.h; path = ColorPickerView.h; sourceTree = "<group>"; };
		2864A2DD21C2363500D3B088 /* BYHeaderView.m */ = {isa = PBXFileReference; fileEncoding = 4; lastKnownFileType = sourcecode.c.objc; path = BYHeaderView.m; sourceTree = "<group>"; };
		2864A2DE21C2363500D3B088 /* BYTableViewModel.m */ = {isa = PBXFileReference; fileEncoding = 4; lastKnownFileType = sourcecode.c.objc; path = BYTableViewModel.m; sourceTree = "<group>"; };
		2864A2EB21C2363600D3B088 /* AdvertiseView.m */ = {isa = PBXFileReference; fileEncoding = 4; lastKnownFileType = sourcecode.c.objc; path = AdvertiseView.m; sourceTree = "<group>"; };
		2864A2EC21C2363600D3B088 /* ShakeSelectView.m */ = {isa = PBXFileReference; fileEncoding = 4; lastKnownFileType = sourcecode.c.objc; path = ShakeSelectView.m; sourceTree = "<group>"; };
		2864A2ED21C2363600D3B088 /* AdvertiseView.h */ = {isa = PBXFileReference; fileEncoding = 4; lastKnownFileType = sourcecode.c.h; path = AdvertiseView.h; sourceTree = "<group>"; };
		2864A2EE21C2363600D3B088 /* ShakeSelectView.h */ = {isa = PBXFileReference; fileEncoding = 4; lastKnownFileType = sourcecode.c.h; path = ShakeSelectView.h; sourceTree = "<group>"; };
		28AA916021B11E9F008A0156 /* MTPeripheralManager.h */ = {isa = PBXFileReference; fileEncoding = 4; lastKnownFileType = sourcecode.c.h; path = MTPeripheralManager.h; sourceTree = "<group>"; };
		28AA916121B11E9F008A0156 /* MTCommonTool.h */ = {isa = PBXFileReference; fileEncoding = 4; lastKnownFileType = sourcecode.c.h; path = MTCommonTool.h; sourceTree = "<group>"; };
		28AA916221B11E9F008A0156 /* MTBeaconManager.h */ = {isa = PBXFileReference; fileEncoding = 4; lastKnownFileType = sourcecode.c.h; path = MTBeaconManager.h; sourceTree = "<group>"; };
		28AA916321B11E9F008A0156 /* MTBeaconManager.m */ = {isa = PBXFileReference; fileEncoding = 4; lastKnownFileType = sourcecode.c.objc; path = MTBeaconManager.m; sourceTree = "<group>"; };
		28AA916421B11E9F008A0156 /* MTCommonTool.m */ = {isa = PBXFileReference; fileEncoding = 4; lastKnownFileType = sourcecode.c.objc; path = MTCommonTool.m; sourceTree = "<group>"; };
		28AA916521B11E9F008A0156 /* MTPeripheralManager.m */ = {isa = PBXFileReference; fileEncoding = 4; lastKnownFileType = sourcecode.c.objc; path = MTPeripheralManager.m; sourceTree = "<group>"; };
		28AA916721B11E9F008A0156 /* MTPeripheralManagerEx.h */ = {isa = PBXFileReference; fileEncoding = 4; lastKnownFileType = sourcecode.c.h; path = MTPeripheralManagerEx.h; sourceTree = "<group>"; };
		28D3876421C2540B00BC3003 /* libiconv.2.4.0.tbd */ = {isa = PBXFileReference; lastKnownFileType = "sourcecode.text-based-dylib-definition"; name = libiconv.2.4.0.tbd; path = usr/lib/libiconv.2.4.0.tbd; sourceTree = SDKROOT; };
		28D3876621C2541600BC3003 /* libsqlite3.0.tbd */ = {isa = PBXFileReference; lastKnownFileType = "sourcecode.text-based-dylib-definition"; name = libsqlite3.0.tbd; path = usr/lib/libsqlite3.0.tbd; sourceTree = SDKROOT; };
		28FD07BA21B7A3740020D7A9 /* libc++.tbd */ = {isa = PBXFileReference; lastKnownFileType = "sourcecode.text-based-dylib-definition"; name = "libc++.tbd"; path = "usr/lib/libc++.tbd"; sourceTree = SDKROOT; };
		28FD07BC21B7A3820020D7A9 /* libz.1.2.5.tbd */ = {isa = PBXFileReference; lastKnownFileType = "sourcecode.text-based-dylib-definition"; name = libz.1.2.5.tbd; path = usr/lib/libz.1.2.5.tbd; sourceTree = SDKROOT; };
		28FD07BE21B7A38F0020D7A9 /* AudioToolbox.framework */ = {isa = PBXFileReference; lastKnownFileType = wrapper.framework; name = AudioToolbox.framework; path = System/Library/Frameworks/AudioToolbox.framework; sourceTree = SDKROOT; };
		28FD07C021B7A3970020D7A9 /* AVFoundation.framework */ = {isa = PBXFileReference; lastKnownFileType = wrapper.framework; name = AVFoundation.framework; path = System/Library/Frameworks/AVFoundation.framework; sourceTree = SDKROOT; };
		28FD07C221B7A39E0020D7A9 /* CFNetwork.framework */ = {isa = PBXFileReference; lastKnownFileType = wrapper.framework; name = CFNetwork.framework; path = System/Library/Frameworks/CFNetwork.framework; sourceTree = SDKROOT; };
		28FD07C421B7A3A80020D7A9 /* CoreLocation.framework */ = {isa = PBXFileReference; lastKnownFileType = wrapper.framework; name = CoreLocation.framework; path = System/Library/Frameworks/CoreLocation.framework; sourceTree = SDKROOT; };
		28FD07C621B7A3B40020D7A9 /* CoreTelephony.framework */ = {isa = PBXFileReference; lastKnownFileType = wrapper.framework; name = CoreTelephony.framework; path = System/Library/Frameworks/CoreTelephony.framework; sourceTree = SDKROOT; };
		28FD07C821B7A3C90020D7A9 /* SystemConfiguration.framework */ = {isa = PBXFileReference; lastKnownFileType = wrapper.framework; name = SystemConfiguration.framework; path = System/Library/Frameworks/SystemConfiguration.framework; sourceTree = SDKROOT; };
		28FD07CA21B7A3D10020D7A9 /* GLKit.framework */ = {isa = PBXFileReference; lastKnownFileType = wrapper.framework; name = GLKit.framework; path = System/Library/Frameworks/GLKit.framework; sourceTree = SDKROOT; };
		28FE6DEB21C8DFE1008ED44F /* RecognizeManager.h */ = {isa = PBXFileReference; fileEncoding = 4; lastKnownFileType = sourcecode.c.h; path = RecognizeManager.h; sourceTree = "<group>"; };
		28FE6DEC21C8DFE1008ED44F /* WakeUpManager.m */ = {isa = PBXFileReference; fileEncoding = 4; lastKnownFileType = sourcecode.c.objc; path = WakeUpManager.m; sourceTree = "<group>"; };
		28FE6DED21C8DFE1008ED44F /* WakeUpManager.h */ = {isa = PBXFileReference; fileEncoding = 4; lastKnownFileType = sourcecode.c.h; path = WakeUpManager.h; sourceTree = "<group>"; };
		28FE6DEE21C8DFE1008ED44F /* RecognizeManager.m */ = {isa = PBXFileReference; fileEncoding = 4; lastKnownFileType = sourcecode.c.objc; path = RecognizeManager.m; sourceTree = "<group>"; };
		49E0A3CD57A1B7DE50179925 /* Pods-BeaconYun.debug.xcconfig */ = {isa = PBXFileReference; includeInIndex = 1; lastKnownFileType = text.xcconfig; name = "Pods-BeaconYun.debug.xcconfig"; path = "Pods/Target Support Files/Pods-BeaconYun/Pods-BeaconYun.debug.xcconfig"; sourceTree = "<group>"; };
		B370C1B698562C91509A8E8F /* Pods-BeaconYun.release.xcconfig */ = {isa = PBXFileReference; includeInIndex = 1; lastKnownFileType = text.xcconfig; name = "Pods-BeaconYun.release.xcconfig"; path = "Pods/Target Support Files/Pods-BeaconYun/Pods-BeaconYun.release.xcconfig"; sourceTree = "<group>"; };
		E53E94C91E6526FB0047D49A /* BYSetDeviceViewController.h */ = {isa = PBXFileReference; fileEncoding = 4; lastKnownFileType = sourcecode.c.h; path = BYSetDeviceViewController.h; sourceTree = "<group>"; };
		E53E94CA1E6526FB0047D49A /* BYSetDeviceViewController.m */ = {isa = PBXFileReference; fileEncoding = 4; lastKnownFileType = sourcecode.c.objc; path = BYSetDeviceViewController.m; sourceTree = "<group>"; };
		E540700E1E97320100D9ECB4 /* WXImgLoaderDefaultImpl.h */ = {isa = PBXFileReference; fileEncoding = 4; lastKnownFileType = sourcecode.c.h; name = WXImgLoaderDefaultImpl.h; path = BeaconYun/CommonTools/WXImgLoaderDefaultImpl.h; sourceTree = SOURCE_ROOT; };
		E540700F1E97320100D9ECB4 /* WXImgLoaderDefaultImpl.m */ = {isa = PBXFileReference; fileEncoding = 4; lastKnownFileType = sourcecode.c.objc; name = WXImgLoaderDefaultImpl.m; path = BeaconYun/CommonTools/WXImgLoaderDefaultImpl.m; sourceTree = SOURCE_ROOT; };
		E54520221E67FFB700C0D46E /* MinewCommonTool.h */ = {isa = PBXFileReference; fileEncoding = 4; lastKnownFileType = sourcecode.c.h; path = MinewCommonTool.h; sourceTree = "<group>"; };
		E54520231E67FFB700C0D46E /* MinewCommonTool.m */ = {isa = PBXFileReference; fileEncoding = 4; lastKnownFileType = sourcecode.c.objc; path = MinewCommonTool.m; sourceTree = "<group>"; };
		E54520261E67FFB700C0D46E /* MinewModule.h */ = {isa = PBXFileReference; fileEncoding = 4; lastKnownFileType = sourcecode.c.h; path = MinewModule.h; sourceTree = "<group>"; };
		E54520271E67FFB700C0D46E /* MinewModule.m */ = {isa = PBXFileReference; fileEncoding = 4; lastKnownFileType = sourcecode.c.objc; path = MinewModule.m; sourceTree = "<group>"; };
		E54520281E67FFB700C0D46E /* MinewModuleManager.h */ = {isa = PBXFileReference; fileEncoding = 4; lastKnownFileType = sourcecode.c.h; path = MinewModuleManager.h; sourceTree = "<group>"; };
		E54520291E67FFB700C0D46E /* MinewModuleManager.m */ = {isa = PBXFileReference; fileEncoding = 4; lastKnownFileType = sourcecode.c.objc; path = MinewModuleManager.m; sourceTree = "<group>"; };
		E545202E1E68000000C0D46E /* MinewModuleAPI.h */ = {isa = PBXFileReference; fileEncoding = 4; lastKnownFileType = sourcecode.c.h; path = MinewModuleAPI.h; sourceTree = "<group>"; };
		E545202F1E68000000C0D46E /* MinewModuleAPI.m */ = {isa = PBXFileReference; fileEncoding = 4; lastKnownFileType = sourcecode.c.objc; path = MinewModuleAPI.m; sourceTree = "<group>"; };
		E54520311E68469500C0D46E /* BYDeviceDetailViewController.h */ = {isa = PBXFileReference; fileEncoding = 4; lastKnownFileType = sourcecode.c.h; path = BYDeviceDetailViewController.h; sourceTree = "<group>"; };
		E54520321E68469500C0D46E /* BYDeviceDetailViewController.m */ = {isa = PBXFileReference; fileEncoding = 4; lastKnownFileType = sourcecode.c.objc; path = BYDeviceDetailViewController.m; sourceTree = "<group>"; };
		E56992971E5EB60B00C76E42 /* BeaconYun.app */ = {isa = PBXFileReference; explicitFileType = wrapper.application; includeInIndex = 0; path = BeaconYun.app; sourceTree = BUILT_PRODUCTS_DIR; };
		E56992B01E5EB60B00C76E42 /* BeaconYunTests.xctest */ = {isa = PBXFileReference; explicitFileType = wrapper.cfbundle; includeInIndex = 0; path = BeaconYunTests.xctest; sourceTree = BUILT_PRODUCTS_DIR; };
		E56992B41E5EB60B00C76E42 /* BeaconYunTests.m */ = {isa = PBXFileReference; lastKnownFileType = sourcecode.c.objc; path = BeaconYunTests.m; sourceTree = "<group>"; };
		E56992B61E5EB60B00C76E42 /* Info.plist */ = {isa = PBXFileReference; lastKnownFileType = text.plist.xml; path = Info.plist; sourceTree = "<group>"; };
		E56992BB1E5EB60B00C76E42 /* BeaconYunUITests.xctest */ = {isa = PBXFileReference; explicitFileType = wrapper.cfbundle; includeInIndex = 0; path = BeaconYunUITests.xctest; sourceTree = BUILT_PRODUCTS_DIR; };
		E56992BF1E5EB60B00C76E42 /* BeaconYunUITests.m */ = {isa = PBXFileReference; lastKnownFileType = sourcecode.c.objc; path = BeaconYunUITests.m; sourceTree = "<group>"; };
		E56992C11E5EB60B00C76E42 /* Info.plist */ = {isa = PBXFileReference; lastKnownFileType = text.plist.xml; path = Info.plist; sourceTree = "<group>"; };
		E56992D31E5EB91500C76E42 /* AppDelegate.h */ = {isa = PBXFileReference; fileEncoding = 4; lastKnownFileType = sourcecode.c.h; path = AppDelegate.h; sourceTree = "<group>"; };
		E56992D41E5EB91500C76E42 /* AppDelegate.m */ = {isa = PBXFileReference; fileEncoding = 4; lastKnownFileType = sourcecode.c.objc; path = AppDelegate.m; sourceTree = "<group>"; };
		E56992D51E5EB91500C76E42 /* Assets.xcassets */ = {isa = PBXFileReference; lastKnownFileType = folder.assetcatalog; path = Assets.xcassets; sourceTree = "<group>"; };
		E56992D71E5EB91500C76E42 /* Base */ = {isa = PBXFileReference; lastKnownFileType = file.storyboard; name = Base; path = Base.lproj/LaunchScreen.storyboard; sourceTree = "<group>"; };
		E56992D81E5EB91500C76E42 /* Info.plist */ = {isa = PBXFileReference; fileEncoding = 4; lastKnownFileType = text.plist.xml; path = Info.plist; sourceTree = "<group>"; };
		E56992D91E5EB91500C76E42 /* main.m */ = {isa = PBXFileReference; fileEncoding = 4; lastKnownFileType = sourcecode.c.objc; path = main.m; sourceTree = "<group>"; };
		E56992E31E5EB97100C76E42 /* BYCommonMacros.h */ = {isa = PBXFileReference; fileEncoding = 4; lastKnownFileType = sourcecode.c.h; path = BYCommonMacros.h; sourceTree = "<group>"; };
		E56992E41E5EB97100C76E42 /* BYCommonTools.h */ = {isa = PBXFileReference; fileEncoding = 4; lastKnownFileType = sourcecode.c.h; path = BYCommonTools.h; sourceTree = "<group>"; };
		E56992E51E5EB97100C76E42 /* BYCommonTools.m */ = {isa = PBXFileReference; fileEncoding = 4; lastKnownFileType = sourcecode.c.objc; path = BYCommonTools.m; sourceTree = "<group>"; };
		E56992E71E5EB97100C76E42 /* BYCustomConfig.plist */ = {isa = PBXFileReference; fileEncoding = 4; lastKnownFileType = text.plist.xml; path = BYCustomConfig.plist; sourceTree = "<group>"; };
		E56992E81E5EB97100C76E42 /* BYCustomManager.h */ = {isa = PBXFileReference; fileEncoding = 4; lastKnownFileType = sourcecode.c.h; path = BYCustomManager.h; sourceTree = "<group>"; };
		E56992E91E5EB97100C76E42 /* BYCustomManager.m */ = {isa = PBXFileReference; fileEncoding = 4; lastKnownFileType = sourcecode.c.objc; path = BYCustomManager.m; sourceTree = "<group>"; };
		E56992EB1E5EB97100C76E42 /* BYBindDeviceViewController.h */ = {isa = PBXFileReference; fileEncoding = 4; lastKnownFileType = sourcecode.c.h; path = BYBindDeviceViewController.h; sourceTree = "<group>"; };
		E56992EC1E5EB97100C76E42 /* BYBindDeviceViewController.m */ = {isa = PBXFileReference; fileEncoding = 4; lastKnownFileType = sourcecode.c.objc; path = BYBindDeviceViewController.m; sourceTree = "<group>"; };
		E56992ED1E5EB97100C76E42 /* BYNavigationController.h */ = {isa = PBXFileReference; fileEncoding = 4; lastKnownFileType = sourcecode.c.h; path = BYNavigationController.h; sourceTree = "<group>"; };
		E56992EE1E5EB97100C76E42 /* BYNavigationController.m */ = {isa = PBXFileReference; fileEncoding = 4; lastKnownFileType = sourcecode.c.objc; path = BYNavigationController.m; sourceTree = "<group>"; };
		E56992F41E5EBA1400C76E42 /* zh-Hans */ = {isa = PBXFileReference; lastKnownFileType = text.plist.strings; name = "zh-Hans"; path = "zh-Hans.lproj/LaunchScreen.strings"; sourceTree = "<group>"; };
		E56992F91E5EBE6B00C76E42 /* BYTableViewModel.h */ = {isa = PBXFileReference; fileEncoding = 4; lastKnownFileType = sourcecode.c.h; path = BYTableViewModel.h; sourceTree = "<group>"; };
		E56992FA1E5EBE6B00C76E42 /* BYTableViewModel.m */ = {isa = PBXFileReference; fileEncoding = 4; lastKnownFileType = sourcecode.c.objc; path = BYTableViewModel.m; sourceTree = "<group>"; };
		E56992FF1E5ECA9400C76E42 /* BYCellModel.h */ = {isa = PBXFileReference; fileEncoding = 4; lastKnownFileType = sourcecode.c.h; path = BYCellModel.h; sourceTree = "<group>"; };
		E56993001E5ECA9400C76E42 /* BYCellModel.m */ = {isa = PBXFileReference; fileEncoding = 4; lastKnownFileType = sourcecode.c.objc; path = BYCellModel.m; sourceTree = "<group>"; };
		E56993021E5ED41100C76E42 /* BYSectionModel.h */ = {isa = PBXFileReference; fileEncoding = 4; lastKnownFileType = sourcecode.c.h; path = BYSectionModel.h; sourceTree = "<group>"; };
		E56993031E5ED41100C76E42 /* BYSectionModel.m */ = {isa = PBXFileReference; fileEncoding = 4; lastKnownFileType = sourcecode.c.objc; path = BYSectionModel.m; sourceTree = "<group>"; };
		E5A7E1E11E600FB000D72212 /* BYScanDeviceViewController.h */ = {isa = PBXFileReference; fileEncoding = 4; lastKnownFileType = sourcecode.c.h; path = BYScanDeviceViewController.h; sourceTree = "<group>"; };
		E5A7E1E21E600FB000D72212 /* BYScanDeviceViewController.m */ = {isa = PBXFileReference; fileEncoding = 4; lastKnownFileType = sourcecode.c.objc; path = BYScanDeviceViewController.m; sourceTree = "<group>"; };
		E5A7E1E51E60251900D72212 /* zh-Hans */ = {isa = PBXFileReference; lastKnownFileType = text.plist.strings; name = "zh-Hans"; path = "BeaconYun/Configs/zh-Hans.lproj/InfoPlist.strings"; sourceTree = SOURCE_ROOT; };
		E5A7E1E71E60251900D72212 /* zh-Hans */ = {isa = PBXFileReference; lastKnownFileType = text.plist.strings; name = "zh-Hans"; path = "BeaconYun/Configs/zh-Hans.lproj/Localizable.strings"; sourceTree = SOURCE_ROOT; };
		E5A7E1EA1E60252700D72212 /* Base */ = {isa = PBXFileReference; lastKnownFileType = text.plist.strings; name = Base; path = BeaconYun/Configs/Base.lproj/InfoPlist.strings; sourceTree = SOURCE_ROOT; };
		E5A7E1EB1E60252700D72212 /* Base */ = {isa = PBXFileReference; lastKnownFileType = text.plist.strings; name = Base; path = BeaconYun/Configs/Base.lproj/Localizable.strings; sourceTree = SOURCE_ROOT; };
		E5A7E1ED1E602A6300D72212 /* BYHeaderView.h */ = {isa = PBXFileReference; fileEncoding = 4; lastKnownFileType = sourcecode.c.h; path = BYHeaderView.h; sourceTree = "<group>"; };
		E5A7E1EE1E602A6300D72212 /* BYHeaderView.m */ = {isa = PBXFileReference; fileEncoding = 4; lastKnownFileType = sourcecode.c.objc; path = BYHeaderView.m; sourceTree = "<group>"; };
		E5BF8E701EB040A300AF94DC /* ColorPickerView.h */ = {isa = PBXFileReference; fileEncoding = 4; lastKnownFileType = sourcecode.c.h; path = ColorPickerView.h; sourceTree = "<group>"; };
		E5BF8E711EB040A300AF94DC /* ColorPickerView.m */ = {isa = PBXFileReference; fileEncoding = 4; lastKnownFileType = sourcecode.c.objc; path = ColorPickerView.m; sourceTree = "<group>"; };
		E5E4BDAD1E710B780086472B /* NSTimer+Blocks.h */ = {isa = PBXFileReference; fileEncoding = 4; lastKnownFileType = sourcecode.c.h; path = "NSTimer+Blocks.h"; sourceTree = "<group>"; };
		E5E4BDAE1E710B780086472B /* NSTimer+Blocks.m */ = {isa = PBXFileReference; fileEncoding = 4; lastKnownFileType = sourcecode.c.objc; path = "NSTimer+Blocks.m"; sourceTree = "<group>"; };
		E5E4BDB31E71427D0086472B /* BYInfoViewController.h */ = {isa = PBXFileReference; fileEncoding = 4; lastKnownFileType = sourcecode.c.h; path = BYInfoViewController.h; sourceTree = "<group>"; };
		E5E4BDB41E71427D0086472B /* BYInfoViewController.m */ = {isa = PBXFileReference; fileEncoding = 4; lastKnownFileType = sourcecode.c.objc; path = BYInfoViewController.m; sourceTree = "<group>"; };
/* End PBXFileReference section */

/* Begin PBXFrameworksBuildPhase section */
		E56992941E5EB60B00C76E42 /* Frameworks */ = {
			isa = PBXFrameworksBuildPhase;
			buildActionMask = 2147483647;
			files = (
				28D3876721C2541600BC3003 /* libsqlite3.0.tbd in Frameworks */,
				28D3876521C2540B00BC3003 /* libiconv.2.4.0.tbd in Frameworks */,
				2824015921C394ED0089B795 /* libBaiduSpeechSDK.a in Frameworks */,
				28D3876321C2540200BC3003 /* libc++.tbd in Frameworks */,
				28D3876221C253E700BC3003 /* libz.1.2.5.tbd in Frameworks */,
				28D3876121C253E000BC3003 /* GLKit.framework in Frameworks */,
				28D3876021C253D700BC3003 /* SystemConfiguration.framework in Frameworks */,
				28D3875F21C253CF00BC3003 /* AudioToolbox.framework in Frameworks */,
				28D3875E21C253C600BC3003 /* AVFoundation.framework in Frameworks */,
				28D3875D21C253BF00BC3003 /* CFNetwork.framework in Frameworks */,
				28D3875C21C253B900BC3003 /* CoreLocation.framework in Frameworks */,
				28D3875B21C253B200BC3003 /* CoreTelephony.framework in Frameworks */,
				9CC424E713553F17D2376CFE /* libPods-BeaconYun.a in Frameworks */,
			);
			runOnlyForDeploymentPostprocessing = 0;
		};
		E56992AD1E5EB60B00C76E42 /* Frameworks */ = {
			isa = PBXFrameworksBuildPhase;
			buildActionMask = 2147483647;
			files = (
			);
			runOnlyForDeploymentPostprocessing = 0;
		};
		E56992B81E5EB60B00C76E42 /* Frameworks */ = {
			isa = PBXFrameworksBuildPhase;
			buildActionMask = 2147483647;
			files = (
			);
			runOnlyForDeploymentPostprocessing = 0;
		};
/* End PBXFrameworksBuildPhase section */

/* Begin PBXGroup section */
		282400F421C394ED0089B795 /* Baidu */ = {
			isa = PBXGroup;
			children = (
				282400F521C394ED0089B795 /* BDSClientHeaders */,
				2824010E21C394ED0089B795 /* BDSClientResource */,
				2824013521C394ED0089B795 /* BDSClientLib */,
			);
			path = Baidu;
			sourceTree = "<group>";
		};
		282400F521C394ED0089B795 /* BDSClientHeaders */ = {
			isa = PBXGroup;
			children = (
				282400F621C394ED0089B795 /* ASR */,
				2824010421C394ED0089B795 /* TTS */,
			);
			path = BDSClientHeaders;
			sourceTree = "<group>";
		};
		282400F621C394ED0089B795 /* ASR */ = {
			isa = PBXGroup;
			children = (
				282400F721C394ED0089B795 /* BDSWakeupParameters.h */,
				282400F821C394ED0089B795 /* BDSASRParameters.h */,
				282400F921C394ED0089B795 /* BDSEventManager.h */,
				282400FA21C394ED0089B795 /* .gitIgnore */,
				282400FB21C394ED0089B795 /* BDSUploaderDefines.h */,
				282400FC21C394ED0089B795 /* BDSASRDefines.h */,
				282400FD21C394ED0089B795 /* BDSUploaderParameters.h */,
				282400FE21C394ED0089B795 /* BDSWakeupDefines.h */,
				282400FF21C394ED0089B795 /* UIHeaders */,
			);
			path = ASR;
			sourceTree = "<group>";
		};
		282400FF21C394ED0089B795 /* UIHeaders */ = {
			isa = PBXGroup;
			children = (
				2824010021C394ED0089B795 /* BDRecognizerViewParamsObject.h */,
				2824010121C394ED0089B795 /* BDRecognizerViewController.h */,
				2824010221C394ED0089B795 /* BDTheme.h */,
				2824010321C394ED0089B795 /* BDRecognizerViewDelegate.h */,
			);
			path = UIHeaders;
			sourceTree = "<group>";
		};
		2824010421C394ED0089B795 /* TTS */ = {
			isa = PBXGroup;
			children = (
				2824010521C394ED0089B795 /* BDSSpeechSynthesizerDelegate.h */,
				2824010621C394ED0089B795 /* BDS_EttsModelManagerInterface.h */,
				2824010721C394ED0089B795 /* BDSBuiltInPlayer.h */,
				2824010821C394ED0089B795 /* BDSMixedModeSynthesizer.h */,
				2824010921C394ED0089B795 /* BDSSpeechSynthesizer.h */,
				2824010A21C394ED0089B795 /* BDSSpeechSynthesizerParams.h */,
				2824010B21C394ED0089B795 /* BDSSynthesizerLogLevel.h */,
				2824010C21C394ED0089B795 /* BDSTTSEventManager.h */,
				2824010D21C394ED0089B795 /* BDSSpeechSynthesizerErrors.h */,
			);
			path = TTS;
			sourceTree = "<group>";
		};
		2824010E21C394ED0089B795 /* BDSClientResource */ = {
			isa = PBXGroup;
			children = (
				2824010F21C394ED0089B795 /* ASR */,
				2824012C21C394ED0089B795 /* TTS */,
			);
			path = BDSClientResource;
			sourceTree = "<group>";
		};
		2824010F21C394ED0089B795 /* ASR */ = {
			isa = PBXGroup;
			children = (
				2824015B21C395000089B795 /* BDSClientResources */,
				2824011021C394ED0089B795 /* BDSClientEASRResources */,
			);
			path = ASR;
			sourceTree = "<group>";
		};
		2824011021C394ED0089B795 /* BDSClientEASRResources */ = {
			isa = PBXGroup;
			children = (
				2824011121C394ED0089B795 /* bds_license.dat */,
				2824011221C394ED0089B795 /* bds_easr_basic_model.dat */,
				2824011321C394ED0089B795 /* bds_easr_mfe_cmvn.dat */,
				2824011421C394ED0089B795 /* temp_license_2018-02-24.dat */,
				2824011521C394ED0089B795 /* bds_easr_input_model.dat */,
				2824011621C394ED0089B795 /* bds_easr_mfe_dnn.dat */,
				2824011721C394ED0089B795 /* bds_easr_gramm.dat */,
				2824011821C394ED0089B795 /* bds_easr_wakeup_words.dat */,
				2824011921C394ED0089B795 /* bds_easr_dnn_wakeup_model.dat */,
			);
			path = BDSClientEASRResources;
			sourceTree = "<group>";
		};
		2824012C21C394ED0089B795 /* TTS */ = {
			isa = PBXGroup;
			children = (
				2824012D21C394ED0089B795 /* English_Speech_Female.dat */,
				2824012E21C394ED0089B795 /* offline_engine_tmp_license.dat */,
				2824012F21C394ED0089B795 /* English_Text.dat */,
				2824013021C394ED0089B795 /* .gitignore */,
				2824013121C394ED0089B795 /* English_Speech_Male.dat */,
				2824013221C394ED0089B795 /* Chinese_Speech_Male.dat */,
				2824013321C394ED0089B795 /* Chinese_Text.dat */,
				2824013421C394ED0089B795 /* Chinese_Speech_Female.dat */,
			);
			path = TTS;
			sourceTree = "<group>";
		};
		2824013521C394ED0089B795 /* BDSClientLib */ = {
			isa = PBXGroup;
			children = (
				2824013621C394ED0089B795 /* libBaiduSpeechSDK.a */,
				2824013721C394ED0089B795 /* .gitignore */,
			);
			path = BDSClientLib;
			sourceTree = "<group>";
		};
		2864A2D821C2363500D3B088 /* Custom */ = {
			isa = PBXGroup;
			children = (
				2864A2D921C2363500D3B088 /* BYHeaderView.h */,
				2864A2DD21C2363500D3B088 /* BYHeaderView.m */,
				2864A2DC21C2363500D3B088 /* ColorPickerView.h */,
				2864A2DA21C2363500D3B088 /* ColorPickerView.m */,
				2864A2DB21C2363500D3B088 /* BYTableViewModel.h */,
				2864A2DE21C2363500D3B088 /* BYTableViewModel.m */,
			);
			path = Custom;
			sourceTree = "<group>";
		};
		2864A2DF21C2363600D3B088 /* Advertise */ = {
			isa = PBXGroup;
			children = (
				28FE6DEA21C8DFE1008ED44F /* Model */,
				2864A2EA21C2363600D3B088 /* View */,
			);
			path = Advertise;
			sourceTree = "<group>";
		};
		2864A2EA21C2363600D3B088 /* View */ = {
			isa = PBXGroup;
			children = (
				2864A2ED21C2363600D3B088 /* AdvertiseView.h */,
				2864A2EB21C2363600D3B088 /* AdvertiseView.m */,
				2864A2EE21C2363600D3B088 /* ShakeSelectView.h */,
				2864A2EC21C2363600D3B088 /* ShakeSelectView.m */,
			);
			path = View;
			sourceTree = "<group>";
		};
		28AA915E21B11E9F008A0156 /* Core */ = {
			isa = PBXGroup;
			children = (
				28AA916021B11E9F008A0156 /* MTPeripheralManager.h */,
				28AA916521B11E9F008A0156 /* MTPeripheralManager.m */,
				28AA916121B11E9F008A0156 /* MTCommonTool.h */,
				28AA916421B11E9F008A0156 /* MTCommonTool.m */,
				28AA916221B11E9F008A0156 /* MTBeaconManager.h */,
				28AA916321B11E9F008A0156 /* MTBeaconManager.m */,
				28AA916721B11E9F008A0156 /* MTPeripheralManagerEx.h */,
			);
			path = Core;
			sourceTree = "<group>";
		};
		28FE6DEA21C8DFE1008ED44F /* Model */ = {
			isa = PBXGroup;
			children = (
				28FE6DEB21C8DFE1008ED44F /* RecognizeManager.h */,
				28FE6DEE21C8DFE1008ED44F /* RecognizeManager.m */,
				28FE6DED21C8DFE1008ED44F /* WakeUpManager.h */,
				28FE6DEC21C8DFE1008ED44F /* WakeUpManager.m */,
			);
			path = Model;
			sourceTree = "<group>";
		};
		4A16B165B91471A682D1289E /* Frameworks */ = {
			isa = PBXGroup;
			children = (
				28D3876621C2541600BC3003 /* libsqlite3.0.tbd */,
				28D3876421C2540B00BC3003 /* libiconv.2.4.0.tbd */,
				28FD07CA21B7A3D10020D7A9 /* GLKit.framework */,
				28FD07C821B7A3C90020D7A9 /* SystemConfiguration.framework */,
				28FD07C621B7A3B40020D7A9 /* CoreTelephony.framework */,
				28FD07C421B7A3A80020D7A9 /* CoreLocation.framework */,
				28FD07C221B7A39E0020D7A9 /* CFNetwork.framework */,
				28FD07C021B7A3970020D7A9 /* AVFoundation.framework */,
				28FD07BE21B7A38F0020D7A9 /* AudioToolbox.framework */,
				28FD07BC21B7A3820020D7A9 /* libz.1.2.5.tbd */,
				28FD07BA21B7A3740020D7A9 /* libc++.tbd */,
				00AD531C7A5248BA149154C2 /* libPods-BeaconYun.a */,
			);
			name = Frameworks;
			sourceTree = "<group>";
		};
		A23FC76C77B5993A719366A2 /* Pods */ = {
			isa = PBXGroup;
			children = (
				49E0A3CD57A1B7DE50179925 /* Pods-BeaconYun.debug.xcconfig */,
				B370C1B698562C91509A8E8F /* Pods-BeaconYun.release.xcconfig */,
			);
			name = Pods;
			sourceTree = "<group>";
		};
		E54520211E67FFB700C0D46E /* BluetoothCore */ = {
			isa = PBXGroup;
			children = (
				E54520221E67FFB700C0D46E /* MinewCommonTool.h */,
				E54520231E67FFB700C0D46E /* MinewCommonTool.m */,
				E54520261E67FFB700C0D46E /* MinewModule.h */,
				E54520271E67FFB700C0D46E /* MinewModule.m */,
				E54520281E67FFB700C0D46E /* MinewModuleManager.h */,
				E54520291E67FFB700C0D46E /* MinewModuleManager.m */,
				E545202E1E68000000C0D46E /* MinewModuleAPI.h */,
				E545202F1E68000000C0D46E /* MinewModuleAPI.m */,
			);
			path = BluetoothCore;
			sourceTree = "<group>";
		};
		E569928E1E5EB60B00C76E42 = {
			isa = PBXGroup;
			children = (
				E56992991E5EB60B00C76E42 /* BeaconYun */,
				E56992B31E5EB60B00C76E42 /* BeaconYunTests */,
				E56992BE1E5EB60B00C76E42 /* BeaconYunUITests */,
				E56992981E5EB60B00C76E42 /* Products */,
				A23FC76C77B5993A719366A2 /* Pods */,
				4A16B165B91471A682D1289E /* Frameworks */,
			);
			sourceTree = "<group>";
		};
		E56992981E5EB60B00C76E42 /* Products */ = {
			isa = PBXGroup;
			children = (
				E56992971E5EB60B00C76E42 /* BeaconYun.app */,
				E56992B01E5EB60B00C76E42 /* BeaconYunTests.xctest */,
				E56992BB1E5EB60B00C76E42 /* BeaconYunUITests.xctest */,
			);
			name = Products;
			sourceTree = "<group>";
		};
		E56992991E5EB60B00C76E42 /* BeaconYun */ = {
			isa = PBXGroup;
			children = (
				282400F421C394ED0089B795 /* Baidu */,
				E56992E21E5EB97100C76E42 /* CommonTools */,
				E56992E61E5EB97100C76E42 /* Editors */,
				E56992EA1E5EB97100C76E42 /* UI */,
				E56992FD1E5ECA4200C76E42 /* Models */,
				E56992FC1E5ECA4200C76E42 /* BusinessLogic */,
				E5E4BDAC1E710B780086472B /* Category */,
				E5A7E1EC1E60252F00D72212 /* Localization */,
				E56992D21E5EB91500C76E42 /* Configs */,
				E569929A1E5EB60B00C76E42 /* Supporting Files */,
			);
			path = BeaconYun;
			sourceTree = "<group>";
		};
		E569929A1E5EB60B00C76E42 /* Supporting Files */ = {
			isa = PBXGroup;
			children = (
			);
			name = "Supporting Files";
			sourceTree = "<group>";
		};
		E56992B31E5EB60B00C76E42 /* BeaconYunTests */ = {
			isa = PBXGroup;
			children = (
				E56992B41E5EB60B00C76E42 /* BeaconYunTests.m */,
				E56992B61E5EB60B00C76E42 /* Info.plist */,
			);
			path = BeaconYunTests;
			sourceTree = "<group>";
		};
		E56992BE1E5EB60B00C76E42 /* BeaconYunUITests */ = {
			isa = PBXGroup;
			children = (
				E56992BF1E5EB60B00C76E42 /* BeaconYunUITests.m */,
				E56992C11E5EB60B00C76E42 /* Info.plist */,
			);
			path = BeaconYunUITests;
			sourceTree = "<group>";
		};
		E56992D21E5EB91500C76E42 /* Configs */ = {
			isa = PBXGroup;
			children = (
				280BFD3021B67BB200C76CB6 /* shake.xcassets */,
				E56992D31E5EB91500C76E42 /* AppDelegate.h */,
				E56992D41E5EB91500C76E42 /* AppDelegate.m */,
				E56992D51E5EB91500C76E42 /* Assets.xcassets */,
				E56992D61E5EB91500C76E42 /* LaunchScreen.storyboard */,
				E56992D81E5EB91500C76E42 /* Info.plist */,
				E56992D91E5EB91500C76E42 /* main.m */,
				280BFD2F21B6795000C76CB6 /* PrefixHeader.pch */,
			);
			path = Configs;
			sourceTree = "<group>";
		};
		E56992E21E5EB97100C76E42 /* CommonTools */ = {
			isa = PBXGroup;
			children = (
				E56992E31E5EB97100C76E42 /* BYCommonMacros.h */,
				E56992E41E5EB97100C76E42 /* BYCommonTools.h */,
				E56992E51E5EB97100C76E42 /* BYCommonTools.m */,
			);
			path = CommonTools;
			sourceTree = "<group>";
		};
		E56992E61E5EB97100C76E42 /* Editors */ = {
			isa = PBXGroup;
			children = (
				E56992E71E5EB97100C76E42 /* BYCustomConfig.plist */,
				E56992E81E5EB97100C76E42 /* BYCustomManager.h */,
				E56992E91E5EB97100C76E42 /* BYCustomManager.m */,
			);
			name = Editors;
			path = Custom;
			sourceTree = "<group>";
		};
		E56992EA1E5EB97100C76E42 /* UI */ = {
			isa = PBXGroup;
			children = (
				2864A2DF21C2363600D3B088 /* Advertise */,
				2864A2D821C2363500D3B088 /* Custom */,
				280BFD3521B69BC500C76CB6 /* SettingViewController.h */,
				280BFD3621B69BC500C76CB6 /* SettingViewController.m */,
				E56992F81E5EBE6B00C76E42 /* Common */,
				E56992EB1E5EB97100C76E42 /* BYBindDeviceViewController.h */,
				E56992EC1E5EB97100C76E42 /* BYBindDeviceViewController.m */,
				E56992ED1E5EB97100C76E42 /* BYNavigationController.h */,
				E56992EE1E5EB97100C76E42 /* BYNavigationController.m */,
				E5A7E1E11E600FB000D72212 /* BYScanDeviceViewController.h */,
				E5A7E1E21E600FB000D72212 /* BYScanDeviceViewController.m */,
				E53E94C91E6526FB0047D49A /* BYSetDeviceViewController.h */,
				E53E94CA1E6526FB0047D49A /* BYSetDeviceViewController.m */,
				E54520311E68469500C0D46E /* BYDeviceDetailViewController.h */,
				E54520321E68469500C0D46E /* BYDeviceDetailViewController.m */,
				E5E4BDB31E71427D0086472B /* BYInfoViewController.h */,
				E5E4BDB41E71427D0086472B /* BYInfoViewController.m */,
			);
			path = UI;
			sourceTree = "<group>";
		};
		E56992F81E5EBE6B00C76E42 /* Common */ = {
			isa = PBXGroup;
			children = (
				E540700E1E97320100D9ECB4 /* WXImgLoaderDefaultImpl.h */,
				E540700F1E97320100D9ECB4 /* WXImgLoaderDefaultImpl.m */,
				E56992F91E5EBE6B00C76E42 /* BYTableViewModel.h */,
				E56992FA1E5EBE6B00C76E42 /* BYTableViewModel.m */,
				E5A7E1ED1E602A6300D72212 /* BYHeaderView.h */,
				E5A7E1EE1E602A6300D72212 /* BYHeaderView.m */,
				E5BF8E701EB040A300AF94DC /* ColorPickerView.h */,
				E5BF8E711EB040A300AF94DC /* ColorPickerView.m */,
			);
			name = Common;
			path = Custom;
			sourceTree = "<group>";
		};
		E56992FC1E5ECA4200C76E42 /* BusinessLogic */ = {
			isa = PBXGroup;
			children = (
				28AA915E21B11E9F008A0156 /* Core */,
				E54520211E67FFB700C0D46E /* BluetoothCore */,
			);
			name = BusinessLogic;
			path = BeaconYun/BusinessLogic;
			sourceTree = SOURCE_ROOT;
		};
		E56992FD1E5ECA4200C76E42 /* Models */ = {
			isa = PBXGroup;
			children = (
				E56992FF1E5ECA9400C76E42 /* BYCellModel.h */,
				E56993001E5ECA9400C76E42 /* BYCellModel.m */,
				E56993021E5ED41100C76E42 /* BYSectionModel.h */,
				E56993031E5ED41100C76E42 /* BYSectionModel.m */,
			);
			name = Models;
			path = BeaconYun/Models;
			sourceTree = SOURCE_ROOT;
		};
		E5A7E1EC1E60252F00D72212 /* Localization */ = {
			isa = PBXGroup;
			children = (
				E5A7E1E41E60251900D72212 /* InfoPlist.strings */,
				E5A7E1E61E60251900D72212 /* Localizable.strings */,
			);
			name = Localization;
			path = Models;
			sourceTree = "<group>";
		};
		E5E4BDAC1E710B780086472B /* Category */ = {
			isa = PBXGroup;
			children = (
				E5E4BDAD1E710B780086472B /* NSTimer+Blocks.h */,
				E5E4BDAE1E710B780086472B /* NSTimer+Blocks.m */,
			);
			name = Category;
			path = BeaconYun/Category;
			sourceTree = SOURCE_ROOT;
		};
/* End PBXGroup section */

/* Begin PBXNativeTarget section */
		E56992961E5EB60B00C76E42 /* BeaconYun */ = {
			isa = PBXNativeTarget;
			buildConfigurationList = E56992C41E5EB60B00C76E42 /* Build configuration list for PBXNativeTarget "BeaconYun" */;
			buildPhases = (
				1FEA3CDF1FF43481B3C9398D /* [CP] Check Pods Manifest.lock */,
				E56992931E5EB60B00C76E42 /* Sources */,
				E56992941E5EB60B00C76E42 /* Frameworks */,
				E56992951E5EB60B00C76E42 /* Resources */,
				6C1752D2F747B3A2EAA5C441 /* [CP] Copy Pods Resources */,
			);
			buildRules = (
			);
			dependencies = (
			);
			name = BeaconYun;
			productName = BeaconYun;
			productReference = E56992971E5EB60B00C76E42 /* BeaconYun.app */;
			productType = "com.apple.product-type.application";
		};
		E56992AF1E5EB60B00C76E42 /* BeaconYunTests */ = {
			isa = PBXNativeTarget;
			buildConfigurationList = E56992C71E5EB60B00C76E42 /* Build configuration list for PBXNativeTarget "BeaconYunTests" */;
			buildPhases = (
				E56992AC1E5EB60B00C76E42 /* Sources */,
				E56992AD1E5EB60B00C76E42 /* Frameworks */,
				E56992AE1E5EB60B00C76E42 /* Resources */,
			);
			buildRules = (
			);
			dependencies = (
				E56992B21E5EB60B00C76E42 /* PBXTargetDependency */,
			);
			name = BeaconYunTests;
			productName = BeaconYunTests;
			productReference = E56992B01E5EB60B00C76E42 /* BeaconYunTests.xctest */;
			productType = "com.apple.product-type.bundle.unit-test";
		};
		E56992BA1E5EB60B00C76E42 /* BeaconYunUITests */ = {
			isa = PBXNativeTarget;
			buildConfigurationList = E56992CA1E5EB60B00C76E42 /* Build configuration list for PBXNativeTarget "BeaconYunUITests" */;
			buildPhases = (
				E56992B71E5EB60B00C76E42 /* Sources */,
				E56992B81E5EB60B00C76E42 /* Frameworks */,
				E56992B91E5EB60B00C76E42 /* Resources */,
			);
			buildRules = (
			);
			dependencies = (
				E56992BD1E5EB60B00C76E42 /* PBXTargetDependency */,
			);
			name = BeaconYunUITests;
			productName = BeaconYunUITests;
			productReference = E56992BB1E5EB60B00C76E42 /* BeaconYunUITests.xctest */;
			productType = "com.apple.product-type.bundle.ui-testing";
		};
/* End PBXNativeTarget section */

/* Begin PBXProject section */
		E569928F1E5EB60B00C76E42 /* Project object */ = {
			isa = PBXProject;
			attributes = {
				LastUpgradeCheck = 0820;
				ORGANIZATIONNAME = MinewTech;
				TargetAttributes = {
					E56992961E5EB60B00C76E42 = {
						CreatedOnToolsVersion = 8.2.1;
						DevelopmentTeam = KMD2P8B7WV;
						ProvisioningStyle = Automatic;
					};
					E56992AF1E5EB60B00C76E42 = {
						CreatedOnToolsVersion = 8.2.1;
						DevelopmentTeam = 646P9H983T;
						ProvisioningStyle = Automatic;
						TestTargetID = E56992961E5EB60B00C76E42;
					};
					E56992BA1E5EB60B00C76E42 = {
						CreatedOnToolsVersion = 8.2.1;
						DevelopmentTeam = 646P9H983T;
						ProvisioningStyle = Automatic;
						TestTargetID = E56992961E5EB60B00C76E42;
					};
				};
			};
			buildConfigurationList = E56992921E5EB60B00C76E42 /* Build configuration list for PBXProject "BeaconYun" */;
			compatibilityVersion = "Xcode 3.2";
			developmentRegion = English;
			hasScannedForEncodings = 0;
			knownRegions = (
				en,
				Base,
				"zh-Hans",
			);
			mainGroup = E569928E1E5EB60B00C76E42;
			productRefGroup = E56992981E5EB60B00C76E42 /* Products */;
			projectDirPath = "";
			projectRoot = "";
			targets = (
				E56992961E5EB60B00C76E42 /* BeaconYun */,
				E56992AF1E5EB60B00C76E42 /* BeaconYunTests */,
				E56992BA1E5EB60B00C76E42 /* BeaconYunUITests */,
			);
		};
/* End PBXProject section */

/* Begin PBXResourcesBuildPhase section */
		E56992951E5EB60B00C76E42 /* Resources */ = {
			isa = PBXResourcesBuildPhase;
			buildActionMask = 2147483647;
			files = (
				2824013E21C394ED0089B795 /* bds_easr_mfe_dnn.dat in Resources */,
				2824015721C394ED0089B795 /* Chinese_Text.dat in Resources */,
				E5A7E1E91E60251900D72212 /* Localizable.strings in Resources */,
				2824013D21C394ED0089B795 /* bds_easr_input_model.dat in Resources */,
				2824015421C394ED0089B795 /* .gitignore in Resources */,
				E56992DD1E5EB91500C76E42 /* Assets.xcassets in Resources */,
				2824013B21C394ED0089B795 /* bds_easr_mfe_cmvn.dat in Resources */,
				2824013821C394ED0089B795 /* .gitIgnore in Resources */,
				2824013F21C394ED0089B795 /* bds_easr_gramm.dat in Resources */,
				2824013A21C394ED0089B795 /* bds_easr_basic_model.dat in Resources */,
				2824015C21C395000089B795 /* BDSClientResources in Resources */,
				2824015521C394ED0089B795 /* English_Speech_Male.dat in Resources */,
				2824015621C394ED0089B795 /* Chinese_Speech_Male.dat in Resources */,
				280BFD3121B67BB200C76CB6 /* shake.xcassets in Resources */,
				2824015821C394ED0089B795 /* Chinese_Speech_Female.dat in Resources */,
				2824015121C394ED0089B795 /* English_Speech_Female.dat in Resources */,
				2824014021C394ED0089B795 /* bds_easr_wakeup_words.dat in Resources */,
				2824015221C394ED0089B795 /* offline_engine_tmp_license.dat in Resources */,
				2824015321C394ED0089B795 /* English_Text.dat in Resources */,
				2824013921C394ED0089B795 /* bds_license.dat in Resources */,
				E56992F01E5EB97100C76E42 /* BYCustomConfig.plist in Resources */,
				2824013C21C394ED0089B795 /* temp_license_2018-02-24.dat in Resources */,
				E56992DE1E5EB91500C76E42 /* LaunchScreen.storyboard in Resources */,
				2824014121C394ED0089B795 /* bds_easr_dnn_wakeup_model.dat in Resources */,
			);
			runOnlyForDeploymentPostprocessing = 0;
		};
		E56992AE1E5EB60B00C76E42 /* Resources */ = {
			isa = PBXResourcesBuildPhase;
			buildActionMask = 2147483647;
			files = (
			);
			runOnlyForDeploymentPostprocessing = 0;
		};
		E56992B91E5EB60B00C76E42 /* Resources */ = {
			isa = PBXResourcesBuildPhase;
			buildActionMask = 2147483647;
			files = (
			);
			runOnlyForDeploymentPostprocessing = 0;
		};
/* End PBXResourcesBuildPhase section */

/* Begin PBXShellScriptBuildPhase section */
		1FEA3CDF1FF43481B3C9398D /* [CP] Check Pods Manifest.lock */ = {
			isa = PBXShellScriptBuildPhase;
			buildActionMask = 2147483647;
			files = (
			);
			inputPaths = (
				"${PODS_PODFILE_DIR_PATH}/Podfile.lock",
				"${PODS_ROOT}/Manifest.lock",
			);
			name = "[CP] Check Pods Manifest.lock";
			outputPaths = (
				"$(DERIVED_FILE_DIR)/Pods-BeaconYun-checkManifestLockResult.txt",
			);
			runOnlyForDeploymentPostprocessing = 0;
			shellPath = /bin/sh;
			shellScript = "diff \"${PODS_PODFILE_DIR_PATH}/Podfile.lock\" \"${PODS_ROOT}/Manifest.lock\" > /dev/null\nif [ $? != 0 ] ; then\n    # print error to STDERR\n    echo \"error: The sandbox is not in sync with the Podfile.lock. Run 'pod install' or update your CocoaPods installation.\" >&2\n    exit 1\nfi\n# This output is used by Xcode 'outputs' to avoid re-running this script phase.\necho \"SUCCESS\" > \"${SCRIPT_OUTPUT_FILE_0}\"\n";
			showEnvVarsInLog = 0;
		};
		6C1752D2F747B3A2EAA5C441 /* [CP] Copy Pods Resources */ = {
			isa = PBXShellScriptBuildPhase;
			buildActionMask = 2147483647;
			files = (
			);
			inputPaths = (
				"${SRCROOT}/Pods/Target Support Files/Pods-BeaconYun/Pods-BeaconYun-resources.sh",
				"${PODS_ROOT}/SVProgressHUD/SVProgressHUD/SVProgressHUD.bundle",
				"${PODS_ROOT}/WeexSDK/pre-build/native-bundle-main.js",
				"${PODS_ROOT}/WeexSDK/pre-build/weex-main-jsfm.js",
				"${PODS_ROOT}/WeexSDK/pre-build/weex-polyfill.js",
				"${PODS_ROOT}/WeexSDK/pre-build/weex-rax-api.js",
				"${PODS_ROOT}/WeexSDK/ios/sdk/WeexSDK/Resources/wx_load_error@3x.png",
			);
			name = "[CP] Copy Pods Resources";
			outputPaths = (
				"${TARGET_BUILD_DIR}/${UNLOCALIZED_RESOURCES_FOLDER_PATH}/SVProgressHUD.bundle",
				"${TARGET_BUILD_DIR}/${UNLOCALIZED_RESOURCES_FOLDER_PATH}/native-bundle-main.js",
				"${TARGET_BUILD_DIR}/${UNLOCALIZED_RESOURCES_FOLDER_PATH}/weex-main-jsfm.js",
				"${TARGET_BUILD_DIR}/${UNLOCALIZED_RESOURCES_FOLDER_PATH}/weex-polyfill.js",
				"${TARGET_BUILD_DIR}/${UNLOCALIZED_RESOURCES_FOLDER_PATH}/weex-rax-api.js",
				"${TARGET_BUILD_DIR}/${UNLOCALIZED_RESOURCES_FOLDER_PATH}/wx_load_error@3x.png",
			);
			runOnlyForDeploymentPostprocessing = 0;
			shellPath = /bin/sh;
			shellScript = "\"${SRCROOT}/Pods/Target Support Files/Pods-BeaconYun/Pods-BeaconYun-resources.sh\"\n";
			showEnvVarsInLog = 0;
		};
/* End PBXShellScriptBuildPhase section */

/* Begin PBXSourcesBuildPhase section */
		E56992931E5EB60B00C76E42 /* Sources */ = {
			isa = PBXSourcesBuildPhase;
			buildActionMask = 2147483647;
			files = (
				E5E4BDB51E71427D0086472B /* BYInfoViewController.m in Sources */,
				E545202D1E67FFB700C0D46E /* MinewModuleManager.m in Sources */,
				28AA916821B11E9F008A0156 /* MTBeaconManager.m in Sources */,
				280BFD3721B69BC500C76CB6 /* SettingViewController.m in Sources */,
				E56992EF1E5EB97100C76E42 /* BYCommonTools.m in Sources */,
				E5A7E1EF1E602A6300D72212 /* BYHeaderView.m in Sources */,
				E545202A1E67FFB700C0D46E /* MinewCommonTool.m in Sources */,
				E54520301E68000000C0D46E /* MinewModuleAPI.m in Sources */,
				2864A2F621C2363600D3B088 /* AdvertiseView.m in Sources */,
				28FE6DEF21C8DFE1008ED44F /* WakeUpManager.m in Sources */,
				E53E94CB1E6526FB0047D49A /* BYSetDeviceViewController.m in Sources */,
				28AA916A21B11E9F008A0156 /* MTPeripheralManager.m in Sources */,
				E56992F11E5EB97100C76E42 /* BYCustomManager.m in Sources */,
				E5BF8E721EB040A300AF94DC /* ColorPickerView.m in Sources */,
				28FE6DF021C8DFE1008ED44F /* RecognizeManager.m in Sources */,
				2864A2F121C2363600D3B088 /* BYTableViewModel.m in Sources */,
				E56992F21E5EB97100C76E42 /* BYBindDeviceViewController.m in Sources */,
				E56992DC1E5EB91500C76E42 /* AppDelegate.m in Sources */,
				E54520331E68469500C0D46E /* BYDeviceDetailViewController.m in Sources */,
				E5A7E1E31E600FB000D72212 /* BYScanDeviceViewController.m in Sources */,
				E56992F31E5EB97100C76E42 /* BYNavigationController.m in Sources */,
				E5E4BDAF1E710B780086472B /* NSTimer+Blocks.m in Sources */,
				E56992FB1E5EBE6B00C76E42 /* BYTableViewModel.m in Sources */,
				E56992E01E5EB91500C76E42 /* main.m in Sources */,
				E545202C1E67FFB700C0D46E /* MinewModule.m in Sources */,
				2864A2F021C2363600D3B088 /* BYHeaderView.m in Sources */,
				28AA916921B11E9F008A0156 /* MTCommonTool.m in Sources */,
				2864A2F721C2363600D3B088 /* ShakeSelectView.m in Sources */,
				E54070101E97320100D9ECB4 /* WXImgLoaderDefaultImpl.m in Sources */,
				E56993011E5ECA9400C76E42 /* BYCellModel.m in Sources */,
				2864A2EF21C2363600D3B088 /* ColorPickerView.m in Sources */,
				E56993041E5ED41100C76E42 /* BYSectionModel.m in Sources */,
			);
			runOnlyForDeploymentPostprocessing = 0;
		};
		E56992AC1E5EB60B00C76E42 /* Sources */ = {
			isa = PBXSourcesBuildPhase;
			buildActionMask = 2147483647;
			files = (
				E56992B51E5EB60B00C76E42 /* BeaconYunTests.m in Sources */,
			);
			runOnlyForDeploymentPostprocessing = 0;
		};
		E56992B71E5EB60B00C76E42 /* Sources */ = {
			isa = PBXSourcesBuildPhase;
			buildActionMask = 2147483647;
			files = (
				E56992C01E5EB60B00C76E42 /* BeaconYunUITests.m in Sources */,
			);
			runOnlyForDeploymentPostprocessing = 0;
		};
/* End PBXSourcesBuildPhase section */

/* Begin PBXTargetDependency section */
		E56992B21E5EB60B00C76E42 /* PBXTargetDependency */ = {
			isa = PBXTargetDependency;
			target = E56992961E5EB60B00C76E42 /* BeaconYun */;
			targetProxy = E56992B11E5EB60B00C76E42 /* PBXContainerItemProxy */;
		};
		E56992BD1E5EB60B00C76E42 /* PBXTargetDependency */ = {
			isa = PBXTargetDependency;
			target = E56992961E5EB60B00C76E42 /* BeaconYun */;
			targetProxy = E56992BC1E5EB60B00C76E42 /* PBXContainerItemProxy */;
		};
/* End PBXTargetDependency section */

/* Begin PBXVariantGroup section */
		E56992D61E5EB91500C76E42 /* LaunchScreen.storyboard */ = {
			isa = PBXVariantGroup;
			children = (
				E56992D71E5EB91500C76E42 /* Base */,
				E56992F41E5EBA1400C76E42 /* zh-Hans */,
			);
			name = LaunchScreen.storyboard;
			sourceTree = "<group>";
		};
		E5A7E1E41E60251900D72212 /* InfoPlist.strings */ = {
			isa = PBXVariantGroup;
			children = (
				E5A7E1E51E60251900D72212 /* zh-Hans */,
				E5A7E1EA1E60252700D72212 /* Base */,
			);
			name = InfoPlist.strings;
			sourceTree = "<group>";
		};
		E5A7E1E61E60251900D72212 /* Localizable.strings */ = {
			isa = PBXVariantGroup;
			children = (
				E5A7E1E71E60251900D72212 /* zh-Hans */,
				E5A7E1EB1E60252700D72212 /* Base */,
			);
			name = Localizable.strings;
			sourceTree = "<group>";
		};
/* End PBXVariantGroup section */

/* Begin XCBuildConfiguration section */
		E56992C21E5EB60B00C76E42 /* Debug */ = {
			isa = XCBuildConfiguration;
			buildSettings = {
				ALWAYS_SEARCH_USER_PATHS = NO;
				CLANG_ANALYZER_LOCALIZABILITY_NONLOCALIZED = YES;
				CLANG_ANALYZER_NONNULL = YES;
				CLANG_CXX_LANGUAGE_STANDARD = "gnu++0x";
				CLANG_CXX_LIBRARY = "libc++";
				CLANG_ENABLE_MODULES = YES;
				CLANG_ENABLE_OBJC_ARC = YES;
				CLANG_WARN_BOOL_CONVERSION = YES;
				CLANG_WARN_CONSTANT_CONVERSION = YES;
				CLANG_WARN_DIRECT_OBJC_ISA_USAGE = YES_ERROR;
				CLANG_WARN_DOCUMENTATION_COMMENTS = YES;
				CLANG_WARN_EMPTY_BODY = YES;
				CLANG_WARN_ENUM_CONVERSION = YES;
				CLANG_WARN_INFINITE_RECURSION = YES;
				CLANG_WARN_INT_CONVERSION = YES;
				CLANG_WARN_OBJC_ROOT_CLASS = YES_ERROR;
				CLANG_WARN_SUSPICIOUS_MOVE = YES;
				CLANG_WARN_UNREACHABLE_CODE = YES;
				CLANG_WARN__DUPLICATE_METHOD_MATCH = YES;
				"CODE_SIGN_IDENTITY[sdk=iphoneos*]" = "iPhone Developer";
				COPY_PHASE_STRIP = NO;
				DEBUG_INFORMATION_FORMAT = dwarf;
				ENABLE_STRICT_OBJC_MSGSEND = YES;
				ENABLE_TESTABILITY = YES;
				GCC_C_LANGUAGE_STANDARD = gnu99;
				GCC_DYNAMIC_NO_PIC = NO;
				GCC_NO_COMMON_BLOCKS = YES;
				GCC_OPTIMIZATION_LEVEL = 0;
				GCC_PREPROCESSOR_DEFINITIONS = (
					"DEBUG=1",
					"$(inherited)",
				);
				GCC_WARN_64_TO_32_BIT_CONVERSION = YES;
				GCC_WARN_ABOUT_RETURN_TYPE = YES_ERROR;
				GCC_WARN_UNDECLARED_SELECTOR = YES;
				GCC_WARN_UNINITIALIZED_AUTOS = YES_AGGRESSIVE;
				GCC_WARN_UNUSED_FUNCTION = YES;
				GCC_WARN_UNUSED_VARIABLE = YES;
				IPHONEOS_DEPLOYMENT_TARGET = 8.0;
				MTL_ENABLE_DEBUG_INFO = YES;
				ONLY_ACTIVE_ARCH = YES;
				SDKROOT = iphoneos;
			};
			name = Debug;
		};
		E56992C31E5EB60B00C76E42 /* Release */ = {
			isa = XCBuildConfiguration;
			buildSettings = {
				ALWAYS_SEARCH_USER_PATHS = NO;
				CLANG_ANALYZER_LOCALIZABILITY_NONLOCALIZED = YES;
				CLANG_ANALYZER_NONNULL = YES;
				CLANG_CXX_LANGUAGE_STANDARD = "gnu++0x";
				CLANG_CXX_LIBRARY = "libc++";
				CLANG_ENABLE_MODULES = YES;
				CLANG_ENABLE_OBJC_ARC = YES;
				CLANG_WARN_BOOL_CONVERSION = YES;
				CLANG_WARN_CONSTANT_CONVERSION = YES;
				CLANG_WARN_DIRECT_OBJC_ISA_USAGE = YES_ERROR;
				CLANG_WARN_DOCUMENTATION_COMMENTS = YES;
				CLANG_WARN_EMPTY_BODY = YES;
				CLANG_WARN_ENUM_CONVERSION = YES;
				CLANG_WARN_INFINITE_RECURSION = YES;
				CLANG_WARN_INT_CONVERSION = YES;
				CLANG_WARN_OBJC_ROOT_CLASS = YES_ERROR;
				CLANG_WARN_SUSPICIOUS_MOVE = YES;
				CLANG_WARN_UNREACHABLE_CODE = YES;
				CLANG_WARN__DUPLICATE_METHOD_MATCH = YES;
				"CODE_SIGN_IDENTITY[sdk=iphoneos*]" = "iPhone Developer";
				COPY_PHASE_STRIP = NO;
				DEBUG_INFORMATION_FORMAT = "dwarf-with-dsym";
				ENABLE_NS_ASSERTIONS = NO;
				ENABLE_STRICT_OBJC_MSGSEND = YES;
				GCC_C_LANGUAGE_STANDARD = gnu99;
				GCC_NO_COMMON_BLOCKS = YES;
				GCC_WARN_64_TO_32_BIT_CONVERSION = YES;
				GCC_WARN_ABOUT_RETURN_TYPE = YES_ERROR;
				GCC_WARN_UNDECLARED_SELECTOR = YES;
				GCC_WARN_UNINITIALIZED_AUTOS = YES_AGGRESSIVE;
				GCC_WARN_UNUSED_FUNCTION = YES;
				GCC_WARN_UNUSED_VARIABLE = YES;
				IPHONEOS_DEPLOYMENT_TARGET = 8.0;
				MTL_ENABLE_DEBUG_INFO = NO;
				SDKROOT = iphoneos;
				VALIDATE_PRODUCT = YES;
			};
			name = Release;
		};
		E56992C51E5EB60B00C76E42 /* Debug */ = {
			isa = XCBuildConfiguration;
			baseConfigurationReference = 49E0A3CD57A1B7DE50179925 /* Pods-BeaconYun.debug.xcconfig */;
			buildSettings = {
				ASSETCATALOG_COMPILER_APPICON_NAME = AppIcon;
				DEVELOPMENT_TEAM = KMD2P8B7WV;
				GCC_PREFIX_HEADER = $SRCROOT/BeaconYun/Configs/PrefixHeader.pch;
				INFOPLIST_FILE = "$(SRCROOT)/BeaconYun/Configs/Info.plist";
				IPHONEOS_DEPLOYMENT_TARGET = 8.0;
				LD_RUNPATH_SEARCH_PATHS = "$(inherited) @executable_path/Frameworks";
				LIBRARY_SEARCH_PATHS = (
					"$(inherited)",
					"$(PROJECT_DIR)/BeaconYun/BaiduSDK/BDSClientLib",
					"$(PROJECT_DIR)/BeaconYun/Baidu/BDSClientLib",
				);
				PRODUCT_BUNDLE_IDENTIFIER = com.anshunkang.Aitest;
				PRODUCT_NAME = "$(TARGET_NAME)";
			};
			name = Debug;
		};
		E56992C61E5EB60B00C76E42 /* Release */ = {
			isa = XCBuildConfiguration;
			baseConfigurationReference = B370C1B698562C91509A8E8F /* Pods-BeaconYun.release.xcconfig */;
			buildSettings = {
				ASSETCATALOG_COMPILER_APPICON_NAME = AppIcon;
				DEVELOPMENT_TEAM = KMD2P8B7WV;
				GCC_PREFIX_HEADER = $SRCROOT/BeaconYun/Configs/PrefixHeader.pch;
				INFOPLIST_FILE = "$(SRCROOT)/BeaconYun/Configs/Info.plist";
				IPHONEOS_DEPLOYMENT_TARGET = 8.0;
				LD_RUNPATH_SEARCH_PATHS = "$(inherited) @executable_path/Frameworks";
				LIBRARY_SEARCH_PATHS = (
					"$(inherited)",
					"$(PROJECT_DIR)/BeaconYun/BaiduSDK/BDSClientLib",
					"$(PROJECT_DIR)/BeaconYun/Baidu/BDSClientLib",
				);
				PRODUCT_BUNDLE_IDENTIFIER = com.anshunkang.Aitest;
				PRODUCT_NAME = "$(TARGET_NAME)";
			};
			name = Release;
		};
		E56992C81E5EB60B00C76E42 /* Debug */ = {
			isa = XCBuildConfiguration;
			buildSettings = {
				BUNDLE_LOADER = "$(TEST_HOST)";
				DEVELOPMENT_TEAM = 646P9H983T;
				INFOPLIST_FILE = BeaconYunTests/Info.plist;
				LD_RUNPATH_SEARCH_PATHS = "$(inherited) @executable_path/Frameworks @loader_path/Frameworks";
				PRODUCT_BUNDLE_IDENTIFIER = com.yunliwuli.BeaconYunTests;
				PRODUCT_NAME = "$(TARGET_NAME)";
				TEST_HOST = "$(BUILT_PRODUCTS_DIR)/BeaconYun.app/BeaconYun";
			};
			name = Debug;
		};
		E56992C91E5EB60B00C76E42 /* Release */ = {
			isa = XCBuildConfiguration;
			buildSettings = {
				BUNDLE_LOADER = "$(TEST_HOST)";
				DEVELOPMENT_TEAM = 646P9H983T;
				INFOPLIST_FILE = BeaconYunTests/Info.plist;
				LD_RUNPATH_SEARCH_PATHS = "$(inherited) @executable_path/Frameworks @loader_path/Frameworks";
				PRODUCT_BUNDLE_IDENTIFIER = com.yunliwuli.BeaconYunTests;
				PRODUCT_NAME = "$(TARGET_NAME)";
				TEST_HOST = "$(BUILT_PRODUCTS_DIR)/BeaconYun.app/BeaconYun";
			};
			name = Release;
		};
		E56992CB1E5EB60B00C76E42 /* Debug */ = {
			isa = XCBuildConfiguration;
			buildSettings = {
				DEVELOPMENT_TEAM = 646P9H983T;
				INFOPLIST_FILE = BeaconYunUITests/Info.plist;
				LD_RUNPATH_SEARCH_PATHS = "$(inherited) @executable_path/Frameworks @loader_path/Frameworks";
				PRODUCT_BUNDLE_IDENTIFIER = com.yunliwuli.BeaconYunUITests;
				PRODUCT_NAME = "$(TARGET_NAME)";
				TEST_TARGET_NAME = BeaconYun;
			};
			name = Debug;
		};
		E56992CC1E5EB60B00C76E42 /* Release */ = {
			isa = XCBuildConfiguration;
			buildSettings = {
				DEVELOPMENT_TEAM = 646P9H983T;
				INFOPLIST_FILE = BeaconYunUITests/Info.plist;
				LD_RUNPATH_SEARCH_PATHS = "$(inherited) @executable_path/Frameworks @loader_path/Frameworks";
				PRODUCT_BUNDLE_IDENTIFIER = com.yunliwuli.BeaconYunUITests;
				PRODUCT_NAME = "$(TARGET_NAME)";
				TEST_TARGET_NAME = BeaconYun;
			};
			name = Release;
		};
/* End XCBuildConfiguration section */

/* Begin XCConfigurationList section */
		E56992921E5EB60B00C76E42 /* Build configuration list for PBXProject "BeaconYun" */ = {
			isa = XCConfigurationList;
			buildConfigurations = (
				E56992C21E5EB60B00C76E42 /* Debug */,
				E56992C31E5EB60B00C76E42 /* Release */,
			);
			defaultConfigurationIsVisible = 0;
			defaultConfigurationName = Release;
		};
		E56992C41E5EB60B00C76E42 /* Build configuration list for PBXNativeTarget "BeaconYun" */ = {
			isa = XCConfigurationList;
			buildConfigurations = (
				E56992C51E5EB60B00C76E42 /* Debug */,
				E56992C61E5EB60B00C76E42 /* Release */,
			);
			defaultConfigurationIsVisible = 0;
			defaultConfigurationName = Release;
		};
		E56992C71E5EB60B00C76E42 /* Build configuration list for PBXNativeTarget "BeaconYunTests" */ = {
			isa = XCConfigurationList;
			buildConfigurations = (
				E56992C81E5EB60B00C76E42 /* Debug */,
				E56992C91E5EB60B00C76E42 /* Release */,
			);
			defaultConfigurationIsVisible = 0;
			defaultConfigurationName = Release;
		};
		E56992CA1E5EB60B00C76E42 /* Build configuration list for PBXNativeTarget "BeaconYunUITests" */ = {
			isa = XCConfigurationList;
			buildConfigurations = (
				E56992CB1E5EB60B00C76E42 /* Debug */,
				E56992CC1E5EB60B00C76E42 /* Release */,
			);
			defaultConfigurationIsVisible = 0;
			defaultConfigurationName = Release;
		};
/* End XCConfigurationList section */
	};
	rootObject = E569928F1E5EB60B00C76E42 /* Project object */;
}
